// !$*UTF8*$!
{
	archiveVersion = 1;
	classes = {
	};
	objectVersion = 50;
	objects = {

/* Begin PBXBuildFile section */
		042687E2237E1AE800A73234 /* CustomMenus.swift in Sources */ = {isa = PBXBuildFile; fileRef = 042687E1237E1AE800A73234 /* CustomMenus.swift */; };
		04396532238F1C7100D37A5C /* CustomAlerts.swift in Sources */ = {isa = PBXBuildFile; fileRef = 04396531238F1C7100D37A5C /* CustomAlerts.swift */; };
		044295DD2438C681005D7C25 /* customShapes.swift in Sources */ = {isa = PBXBuildFile; fileRef = 044295DC2438C681005D7C25 /* customShapes.swift */; };
		0453CE6B237B68A10023A2A8 /* CustomLoginScreen.swift in Sources */ = {isa = PBXBuildFile; fileRef = 0453CE6A237B68A10023A2A8 /* CustomLoginScreen.swift */; };
		0453CE6D237B6DB50023A2A8 /* LoginVC.swift in Sources */ = {isa = PBXBuildFile; fileRef = 0453CE6C237B6DB50023A2A8 /* LoginVC.swift */; };
		0463F6EE235351EA00667F47 /* DataManager.swift in Sources */ = {isa = PBXBuildFile; fileRef = 0463F6ED235351EA00667F47 /* DataManager.swift */; };
		046FF7FE2435352E00278F9E /* margot.jpg in Resources */ = {isa = PBXBuildFile; fileRef = 046FF7FD2435352E00278F9E /* margot.jpg */; };
		04795680243A84EA00BC8AC2 /* AddChildViewController.swift in Sources */ = {isa = PBXBuildFile; fileRef = 0479567F243A84EA00BC8AC2 /* AddChildViewController.swift */; };
		04DE04402340C34200708D66 /* AppDelegate.swift in Sources */ = {isa = PBXBuildFile; fileRef = 04DE043F2340C34200708D66 /* AppDelegate.swift */; };
		04DE04442340C34200708D66 /* ViewController.swift in Sources */ = {isa = PBXBuildFile; fileRef = 04DE04432340C34200708D66 /* ViewController.swift */; };
		04DE04492340C34400708D66 /* Assets.xcassets in Resources */ = {isa = PBXBuildFile; fileRef = 04DE04482340C34400708D66 /* Assets.xcassets */; };
		04DE044C2340C34400708D66 /* LaunchScreen.storyboard in Resources */ = {isa = PBXBuildFile; fileRef = 04DE044A2340C34400708D66 /* LaunchScreen.storyboard */; };
		04DE045A2340C6A100708D66 /* User.swift in Sources */ = {isa = PBXBuildFile; fileRef = 04DE04592340C6A100708D66 /* User.swift */; };
		04DE045C2340C77E00708D66 /* SetAndGetFiles.swift in Sources */ = {isa = PBXBuildFile; fileRef = 04DE045B2340C77E00708D66 /* SetAndGetFiles.swift */; };
		04DE045E2340D1E200708D66 /* Reachability.swift in Sources */ = {isa = PBXBuildFile; fileRef = 04DE045D2340D1E200708D66 /* Reachability.swift */; };
		04DE04602340D23100708D66 /* DefaultItems.swift in Sources */ = {isa = PBXBuildFile; fileRef = 04DE045F2340D23100708D66 /* DefaultItems.swift */; };
		04E1A6182341DBB400C4B67A /* CustomizeItems.swift in Sources */ = {isa = PBXBuildFile; fileRef = 04E1A6172341DBB400C4B67A /* CustomizeItems.swift */; };
		04E1A61A2341DCFC00C4B67A /* exCell.swift in Sources */ = {isa = PBXBuildFile; fileRef = 04E1A6192341DCFC00C4B67A /* exCell.swift */; };
		04E1A61D2341DEA000C4B67A /* exView.swift in Sources */ = {isa = PBXBuildFile; fileRef = 04E1A61C2341DEA000C4B67A /* exView.swift */; };
		04E55A6123A835790036D1A6 /* Frames.swift in Sources */ = {isa = PBXBuildFile; fileRef = 04E55A6023A835790036D1A6 /* Frames.swift */; };
		04E7316E243BE43500EBBAAD /* Enums.swift in Sources */ = {isa = PBXBuildFile; fileRef = 04E7316D243BE43500EBBAAD /* Enums.swift */; };
		04E73170243BE47E00EBBAAD /* Protocols.swift in Sources */ = {isa = PBXBuildFile; fileRef = 04E7316F243BE47D00EBBAAD /* Protocols.swift */; };
		04E73172243BE4D300EBBAAD /* GeneralFunctions.swift in Sources */ = {isa = PBXBuildFile; fileRef = 04E73171243BE4D300EBBAAD /* GeneralFunctions.swift */; };
		04E73174243BE50C00EBBAAD /* VarDefines.swift in Sources */ = {isa = PBXBuildFile; fileRef = 04E73173243BE50C00EBBAAD /* VarDefines.swift */; };
		04E73176243BE56400EBBAAD /* StructsAndClasses.swift in Sources */ = {isa = PBXBuildFile; fileRef = 04E73175243BE56400EBBAAD /* StructsAndClasses.swift */; };
/* End PBXBuildFile section */

/* Begin PBXFileReference section */
		042687E1237E1AE800A73234 /* CustomMenus.swift */ = {isa = PBXFileReference; lastKnownFileType = sourcecode.swift; path = CustomMenus.swift; sourceTree = "<group>"; };
		04396531238F1C7100D37A5C /* CustomAlerts.swift */ = {isa = PBXFileReference; lastKnownFileType = sourcecode.swift; path = CustomAlerts.swift; sourceTree = "<group>"; };
		044295DC2438C681005D7C25 /* customShapes.swift */ = {isa = PBXFileReference; lastKnownFileType = sourcecode.swift; path = customShapes.swift; sourceTree = "<group>"; };
		0453CE6A237B68A10023A2A8 /* CustomLoginScreen.swift */ = {isa = PBXFileReference; lastKnownFileType = sourcecode.swift; path = CustomLoginScreen.swift; sourceTree = "<group>"; };
		0453CE6C237B6DB50023A2A8 /* LoginVC.swift */ = {isa = PBXFileReference; lastKnownFileType = sourcecode.swift; path = LoginVC.swift; sourceTree = "<group>"; };
		0463F6ED235351EA00667F47 /* DataManager.swift */ = {isa = PBXFileReference; lastKnownFileType = sourcecode.swift; path = DataManager.swift; sourceTree = "<group>"; };
		046FF7FD2435352E00278F9E /* margot.jpg */ = {isa = PBXFileReference; lastKnownFileType = image.jpeg; path = margot.jpg; sourceTree = "<group>"; };
		0479567F243A84EA00BC8AC2 /* AddChildViewController.swift */ = {isa = PBXFileReference; lastKnownFileType = sourcecode.swift; path = AddChildViewController.swift; sourceTree = "<group>"; };
		04DE043C2340C34200708D66 /* Template.app */ = {isa = PBXFileReference; explicitFileType = wrapper.application; includeInIndex = 0; path = Template.app; sourceTree = BUILT_PRODUCTS_DIR; };
		04DE043F2340C34200708D66 /* AppDelegate.swift */ = {isa = PBXFileReference; lastKnownFileType = sourcecode.swift; path = AppDelegate.swift; sourceTree = "<group>"; };
		04DE04432340C34200708D66 /* ViewController.swift */ = {isa = PBXFileReference; lastKnownFileType = sourcecode.swift; path = ViewController.swift; sourceTree = "<group>"; };
		04DE04482340C34400708D66 /* Assets.xcassets */ = {isa = PBXFileReference; lastKnownFileType = folder.assetcatalog; path = Assets.xcassets; sourceTree = "<group>"; };
		04DE044B2340C34400708D66 /* Base */ = {isa = PBXFileReference; lastKnownFileType = file.storyboard; name = Base; path = Base.lproj/LaunchScreen.storyboard; sourceTree = "<group>"; };
		04DE044D2340C34400708D66 /* Info.plist */ = {isa = PBXFileReference; lastKnownFileType = text.plist.xml; path = Info.plist; sourceTree = "<group>"; };
		04DE04592340C6A100708D66 /* User.swift */ = {isa = PBXFileReference; lastKnownFileType = sourcecode.swift; path = User.swift; sourceTree = "<group>"; };
		04DE045B2340C77E00708D66 /* SetAndGetFiles.swift */ = {isa = PBXFileReference; lastKnownFileType = sourcecode.swift; path = SetAndGetFiles.swift; sourceTree = "<group>"; };
		04DE045D2340D1E200708D66 /* Reachability.swift */ = {isa = PBXFileReference; lastKnownFileType = sourcecode.swift; path = Reachability.swift; sourceTree = "<group>"; };
		04DE045F2340D23100708D66 /* DefaultItems.swift */ = {isa = PBXFileReference; lastKnownFileType = sourcecode.swift; path = DefaultItems.swift; sourceTree = "<group>"; };
		04E1A6172341DBB400C4B67A /* CustomizeItems.swift */ = {isa = PBXFileReference; lastKnownFileType = sourcecode.swift; path = CustomizeItems.swift; sourceTree = "<group>"; };
		04E1A6192341DCFC00C4B67A /* exCell.swift */ = {isa = PBXFileReference; lastKnownFileType = sourcecode.swift; path = exCell.swift; sourceTree = "<group>"; };
		04E1A61C2341DEA000C4B67A /* exView.swift */ = {isa = PBXFileReference; lastKnownFileType = sourcecode.swift; path = exView.swift; sourceTree = "<group>"; };
		04E55A6023A835790036D1A6 /* Frames.swift */ = {isa = PBXFileReference; lastKnownFileType = sourcecode.swift; path = Frames.swift; sourceTree = "<group>"; };
		04E7316D243BE43500EBBAAD /* Enums.swift */ = {isa = PBXFileReference; lastKnownFileType = sourcecode.swift; path = Enums.swift; sourceTree = "<group>"; };
		04E7316F243BE47D00EBBAAD /* Protocols.swift */ = {isa = PBXFileReference; lastKnownFileType = sourcecode.swift; path = Protocols.swift; sourceTree = "<group>"; };
		04E73171243BE4D300EBBAAD /* GeneralFunctions.swift */ = {isa = PBXFileReference; lastKnownFileType = sourcecode.swift; path = GeneralFunctions.swift; sourceTree = "<group>"; };
		04E73173243BE50C00EBBAAD /* VarDefines.swift */ = {isa = PBXFileReference; lastKnownFileType = sourcecode.swift; path = VarDefines.swift; sourceTree = "<group>"; };
		04E73175243BE56400EBBAAD /* StructsAndClasses.swift */ = {isa = PBXFileReference; lastKnownFileType = sourcecode.swift; path = StructsAndClasses.swift; sourceTree = "<group>"; };
/* End PBXFileReference section */

/* Begin PBXFrameworksBuildPhase section */
		04DE04392340C34200708D66 /* Frameworks */ = {
			isa = PBXFrameworksBuildPhase;
			buildActionMask = 2147483647;
			files = (
			);
			runOnlyForDeploymentPostprocessing = 0;
		};
/* End PBXFrameworksBuildPhase section */

/* Begin PBXGroup section */
		044F5C6F243BE62700619373 /* TemplateController */ = {
			isa = PBXGroup;
			children = (
				04DE04432340C34200708D66 /* ViewController.swift */,
				0453CE6C237B6DB50023A2A8 /* LoginVC.swift */,
				042687E1237E1AE800A73234 /* CustomMenus.swift */,
				0479567F243A84EA00BC8AC2 /* AddChildViewController.swift */,
			);
			path = TemplateController;
			sourceTree = "<group>";
		};
		04DE04332340C34200708D66 = {
			isa = PBXGroup;
			children = (
				04DE043E2340C34200708D66 /* Template */,
				04DE043D2340C34200708D66 /* Products */,
			);
			sourceTree = "<group>";
		};
		04DE043D2340C34200708D66 /* Products */ = {
			isa = PBXGroup;
			children = (
				04DE043C2340C34200708D66 /* Template.app */,
			);
			name = Products;
			sourceTree = "<group>";
		};
		04DE043E2340C34200708D66 /* Template */ = {
			isa = PBXGroup;
			children = (
				046FF7FD2435352E00278F9E /* margot.jpg */,
				04E1A61B2341DE7500C4B67A /* CustomViews */,
				04DE04562340C41900708D66 /* Helpers */,
				04DE04552340C41500708D66 /* Cells */,
				04DE04542340C40B00708D66 /* Models */,
				04DE04532340C40400708D66 /* Controllers */,
				04DE043F2340C34200708D66 /* AppDelegate.swift */,
				04DE04482340C34400708D66 /* Assets.xcassets */,
				04DE044A2340C34400708D66 /* LaunchScreen.storyboard */,
				04DE044D2340C34400708D66 /* Info.plist */,
			);
			path = Template;
			sourceTree = "<group>";
		};
		04DE04532340C40400708D66 /* Controllers */ = {
			isa = PBXGroup;
			children = (
				044F5C6F243BE62700619373 /* TemplateController */,
			);
			path = Controllers;
			sourceTree = "<group>";
		};
		04DE04542340C40B00708D66 /* Models */ = {
			isa = PBXGroup;
			children = (
				04DE045B2340C77E00708D66 /* SetAndGetFiles.swift */,
				04DE04592340C6A100708D66 /* User.swift */,
				0463F6ED235351EA00667F47 /* DataManager.swift */,
				0453CE6A237B68A10023A2A8 /* CustomLoginScreen.swift */,
			);
			path = Models;
			sourceTree = "<group>";
		};
		04DE04552340C41500708D66 /* Cells */ = {
			isa = PBXGroup;
			children = (
				04E1A6192341DCFC00C4B67A /* exCell.swift */,
			);
			path = Cells;
			sourceTree = "<group>";
		};
		04DE04562340C41900708D66 /* Helpers */ = {
			isa = PBXGroup;
			children = (
				04E73178243BE5D900EBBAAD /* UI */,
				04E73177243BE5AF00EBBAAD /* Generals */,
				04DE045D2340D1E200708D66 /* Reachability.swift */,
			);
			path = Helpers;
			sourceTree = "<group>";
		};
		04E1A61B2341DE7500C4B67A /* CustomViews */ = {
			isa = PBXGroup;
			children = (
				04E1A61C2341DEA000C4B67A /* exView.swift */,
			);
			path = CustomViews;
			sourceTree = "<group>";
		};
		04E73177243BE5AF00EBBAAD /* Generals */ = {
			isa = PBXGroup;
			children = (
				04E7316D243BE43500EBBAAD /* Enums.swift */,
				04E7316F243BE47D00EBBAAD /* Protocols.swift */,
				04E73171243BE4D300EBBAAD /* GeneralFunctions.swift */,
				04E73173243BE50C00EBBAAD /* VarDefines.swift */,
				04E73175243BE56400EBBAAD /* StructsAndClasses.swift */,
			);
			path = Generals;
			sourceTree = "<group>";
		};
		04E73178243BE5D900EBBAAD /* UI */ = {
			isa = PBXGroup;
			children = (
				044295DC2438C681005D7C25 /* customShapes.swift */,
				04DE045F2340D23100708D66 /* DefaultItems.swift */,
				04E1A6172341DBB400C4B67A /* CustomizeItems.swift */,
				04396531238F1C7100D37A5C /* CustomAlerts.swift */,
				04E55A6023A835790036D1A6 /* Frames.swift */,
			);
			path = UI;
			sourceTree = "<group>";
		};
/* End PBXGroup section */

/* Begin PBXNativeTarget section */
		04DE043B2340C34200708D66 /* Template */ = {
			isa = PBXNativeTarget;
			buildConfigurationList = 04DE04502340C34400708D66 /* Build configuration list for PBXNativeTarget "Template" */;
			buildPhases = (
				04DE04382340C34200708D66 /* Sources */,
				04DE04392340C34200708D66 /* Frameworks */,
				04DE043A2340C34200708D66 /* Resources */,
			);
			buildRules = (
			);
			dependencies = (
			);
			name = Template;
			productName = Template;
			productReference = 04DE043C2340C34200708D66 /* Template.app */;
			productType = "com.apple.product-type.application";
		};
/* End PBXNativeTarget section */

/* Begin PBXProject section */
		04DE04342340C34200708D66 /* Project object */ = {
			isa = PBXProject;
			attributes = {
				LastSwiftUpdateCheck = 1100;
				LastUpgradeCheck = 1100;
				ORGANIZATIONNAME = Mac;
				TargetAttributes = {
					04DE043B2340C34200708D66 = {
						CreatedOnToolsVersion = 11.0;
					};
				};
			};
			buildConfigurationList = 04DE04372340C34200708D66 /* Build configuration list for PBXProject "Template" */;
			compatibilityVersion = "Xcode 9.3";
			developmentRegion = en;
			hasScannedForEncodings = 0;
			knownRegions = (
				en,
				Base,
			);
			mainGroup = 04DE04332340C34200708D66;
			productRefGroup = 04DE043D2340C34200708D66 /* Products */;
			projectDirPath = "";
			projectRoot = "";
			targets = (
				04DE043B2340C34200708D66 /* Template */,
			);
		};
/* End PBXProject section */

/* Begin PBXResourcesBuildPhase section */
		04DE043A2340C34200708D66 /* Resources */ = {
			isa = PBXResourcesBuildPhase;
			buildActionMask = 2147483647;
			files = (
				046FF7FE2435352E00278F9E /* margot.jpg in Resources */,
				04DE044C2340C34400708D66 /* LaunchScreen.storyboard in Resources */,
				04DE04492340C34400708D66 /* Assets.xcassets in Resources */,
			);
			runOnlyForDeploymentPostprocessing = 0;
		};
/* End PBXResourcesBuildPhase section */

/* Begin PBXSourcesBuildPhase section */
		04DE04382340C34200708D66 /* Sources */ = {
			isa = PBXSourcesBuildPhase;
			buildActionMask = 2147483647;
			files = (
				0453CE6D237B6DB50023A2A8 /* LoginVC.swift in Sources */,
				04795680243A84EA00BC8AC2 /* AddChildViewController.swift in Sources */,
				04E1A61A2341DCFC00C4B67A /* exCell.swift in Sources */,
				04DE045E2340D1E200708D66 /* Reachability.swift in Sources */,
				04396532238F1C7100D37A5C /* CustomAlerts.swift in Sources */,
				04DE04442340C34200708D66 /* ViewController.swift in Sources */,
				044295DD2438C681005D7C25 /* customShapes.swift in Sources */,
				04E55A6123A835790036D1A6 /* Frames.swift in Sources */,
				04DE04402340C34200708D66 /* AppDelegate.swift in Sources */,
				04E1A6182341DBB400C4B67A /* CustomizeItems.swift in Sources */,
				04E73176243BE56400EBBAAD /* StructsAndClasses.swift in Sources */,
				0453CE6B237B68A10023A2A8 /* CustomLoginScreen.swift in Sources */,
				04DE04602340D23100708D66 /* DefaultItems.swift in Sources */,
				042687E2237E1AE800A73234 /* CustomMenus.swift in Sources */,
				04E1A61D2341DEA000C4B67A /* exView.swift in Sources */,
				04E73170243BE47E00EBBAAD /* Protocols.swift in Sources */,
				0463F6EE235351EA00667F47 /* DataManager.swift in Sources */,
				04DE045C2340C77E00708D66 /* SetAndGetFiles.swift in Sources */,
				04DE045A2340C6A100708D66 /* User.swift in Sources */,
				04E7316E243BE43500EBBAAD /* Enums.swift in Sources */,
				04E73174243BE50C00EBBAAD /* VarDefines.swift in Sources */,
				04E73172243BE4D300EBBAAD /* GeneralFunctions.swift in Sources */,
			);
			runOnlyForDeploymentPostprocessing = 0;
		};
/* End PBXSourcesBuildPhase section */

/* Begin PBXVariantGroup section */
		04DE044A2340C34400708D66 /* LaunchScreen.storyboard */ = {
			isa = PBXVariantGroup;
			children = (
				04DE044B2340C34400708D66 /* Base */,
			);
			name = LaunchScreen.storyboard;
			sourceTree = "<group>";
		};
/* End PBXVariantGroup section */

/* Begin XCBuildConfiguration section */
		04DE044E2340C34400708D66 /* Debug */ = {
			isa = XCBuildConfiguration;
			buildSettings = {
				ALWAYS_SEARCH_USER_PATHS = NO;
				CLANG_ANALYZER_NONNULL = YES;
				CLANG_ANALYZER_NUMBER_OBJECT_CONVERSION = YES_AGGRESSIVE;
				CLANG_CXX_LANGUAGE_STANDARD = "gnu++14";
				CLANG_CXX_LIBRARY = "libc++";
				CLANG_ENABLE_MODULES = YES;
				CLANG_ENABLE_OBJC_ARC = YES;
				CLANG_ENABLE_OBJC_WEAK = YES;
				CLANG_WARN_BLOCK_CAPTURE_AUTORELEASING = YES;
				CLANG_WARN_BOOL_CONVERSION = YES;
				CLANG_WARN_COMMA = YES;
				CLANG_WARN_CONSTANT_CONVERSION = YES;
				CLANG_WARN_DEPRECATED_OBJC_IMPLEMENTATIONS = YES;
				CLANG_WARN_DIRECT_OBJC_ISA_USAGE = YES_ERROR;
				CLANG_WARN_DOCUMENTATION_COMMENTS = YES;
				CLANG_WARN_EMPTY_BODY = YES;
				CLANG_WARN_ENUM_CONVERSION = YES;
				CLANG_WARN_INFINITE_RECURSION = YES;
				CLANG_WARN_INT_CONVERSION = YES;
				CLANG_WARN_NON_LITERAL_NULL_CONVERSION = YES;
				CLANG_WARN_OBJC_IMPLICIT_RETAIN_SELF = YES;
				CLANG_WARN_OBJC_LITERAL_CONVERSION = YES;
				CLANG_WARN_OBJC_ROOT_CLASS = YES_ERROR;
				CLANG_WARN_RANGE_LOOP_ANALYSIS = YES;
				CLANG_WARN_STRICT_PROTOTYPES = YES;
				CLANG_WARN_SUSPICIOUS_MOVE = YES;
				CLANG_WARN_UNGUARDED_AVAILABILITY = YES_AGGRESSIVE;
				CLANG_WARN_UNREACHABLE_CODE = YES;
				CLANG_WARN__DUPLICATE_METHOD_MATCH = YES;
				COPY_PHASE_STRIP = NO;
				DEBUG_INFORMATION_FORMAT = dwarf;
				ENABLE_STRICT_OBJC_MSGSEND = YES;
				ENABLE_TESTABILITY = YES;
				GCC_C_LANGUAGE_STANDARD = gnu11;
				GCC_DYNAMIC_NO_PIC = NO;
				GCC_NO_COMMON_BLOCKS = YES;
				GCC_OPTIMIZATION_LEVEL = 0;
				GCC_PREPROCESSOR_DEFINITIONS = (
					"DEBUG=1",
					"$(inherited)",
				);
				GCC_WARN_64_TO_32_BIT_CONVERSION = YES;
				GCC_WARN_ABOUT_RETURN_TYPE = YES_ERROR;
				GCC_WARN_UNDECLARED_SELECTOR = YES;
				GCC_WARN_UNINITIALIZED_AUTOS = YES_AGGRESSIVE;
				GCC_WARN_UNUSED_FUNCTION = YES;
				GCC_WARN_UNUSED_VARIABLE = YES;
				IPHONEOS_DEPLOYMENT_TARGET = 13.0;
				MTL_ENABLE_DEBUG_INFO = INCLUDE_SOURCE;
				MTL_FAST_MATH = YES;
				ONLY_ACTIVE_ARCH = YES;
				SDKROOT = iphoneos;
				SWIFT_ACTIVE_COMPILATION_CONDITIONS = DEBUG;
				SWIFT_OPTIMIZATION_LEVEL = "-Onone";
			};
			name = Debug;
		};
		04DE044F2340C34400708D66 /* Release */ = {
			isa = XCBuildConfiguration;
			buildSettings = {
				ALWAYS_SEARCH_USER_PATHS = NO;
				CLANG_ANALYZER_NONNULL = YES;
				CLANG_ANALYZER_NUMBER_OBJECT_CONVERSION = YES_AGGRESSIVE;
				CLANG_CXX_LANGUAGE_STANDARD = "gnu++14";
				CLANG_CXX_LIBRARY = "libc++";
				CLANG_ENABLE_MODULES = YES;
				CLANG_ENABLE_OBJC_ARC = YES;
				CLANG_ENABLE_OBJC_WEAK = YES;
				CLANG_WARN_BLOCK_CAPTURE_AUTORELEASING = YES;
				CLANG_WARN_BOOL_CONVERSION = YES;
				CLANG_WARN_COMMA = YES;
				CLANG_WARN_CONSTANT_CONVERSION = YES;
				CLANG_WARN_DEPRECATED_OBJC_IMPLEMENTATIONS = YES;
				CLANG_WARN_DIRECT_OBJC_ISA_USAGE = YES_ERROR;
				CLANG_WARN_DOCUMENTATION_COMMENTS = YES;
				CLANG_WARN_EMPTY_BODY = YES;
				CLANG_WARN_ENUM_CONVERSION = YES;
				CLANG_WARN_INFINITE_RECURSION = YES;
				CLANG_WARN_INT_CONVERSION = YES;
				CLANG_WARN_NON_LITERAL_NULL_CONVERSION = YES;
				CLANG_WARN_OBJC_IMPLICIT_RETAIN_SELF = YES;
				CLANG_WARN_OBJC_LITERAL_CONVERSION = YES;
				CLANG_WARN_OBJC_ROOT_CLASS = YES_ERROR;
				CLANG_WARN_RANGE_LOOP_ANALYSIS = YES;
				CLANG_WARN_STRICT_PROTOTYPES = YES;
				CLANG_WARN_SUSPICIOUS_MOVE = YES;
				CLANG_WARN_UNGUARDED_AVAILABILITY = YES_AGGRESSIVE;
				CLANG_WARN_UNREACHABLE_CODE = YES;
				CLANG_WARN__DUPLICATE_METHOD_MATCH = YES;
				COPY_PHASE_STRIP = NO;
				DEBUG_INFORMATION_FORMAT = "dwarf-with-dsym";
				ENABLE_NS_ASSERTIONS = NO;
				ENABLE_STRICT_OBJC_MSGSEND = YES;
				GCC_C_LANGUAGE_STANDARD = gnu11;
				GCC_NO_COMMON_BLOCKS = YES;
				GCC_WARN_64_TO_32_BIT_CONVERSION = YES;
				GCC_WARN_ABOUT_RETURN_TYPE = YES_ERROR;
				GCC_WARN_UNDECLARED_SELECTOR = YES;
				GCC_WARN_UNINITIALIZED_AUTOS = YES_AGGRESSIVE;
				GCC_WARN_UNUSED_FUNCTION = YES;
				GCC_WARN_UNUSED_VARIABLE = YES;
				IPHONEOS_DEPLOYMENT_TARGET = 13.0;
				MTL_ENABLE_DEBUG_INFO = NO;
				MTL_FAST_MATH = YES;
				SDKROOT = iphoneos;
				SWIFT_COMPILATION_MODE = wholemodule;
				SWIFT_OPTIMIZATION_LEVEL = "-O";
				VALIDATE_PRODUCT = YES;
			};
			name = Release;
		};
		04DE04512340C34400708D66 /* Debug */ = {
			isa = XCBuildConfiguration;
			buildSettings = {
				ASSETCATALOG_COMPILER_APPICON_NAME = AppIcon;
				CODE_SIGN_STYLE = Automatic;
				DEVELOPMENT_TEAM = T2FENB68MY;
				INFOPLIST_FILE = Template/Info.plist;
				LD_RUNPATH_SEARCH_PATHS = (
					"$(inherited)",
					"@executable_path/Frameworks",
				);
				PRODUCT_BUNDLE_IDENTIFIER = MyTemplate.Template;
				PRODUCT_NAME = "$(TARGET_NAME)";
				SWIFT_VERSION = 5.0;
				TARGETED_DEVICE_FAMILY = 1;
			};
			name = Debug;
		};
		04DE04522340C34400708D66 /* Release */ = {
			isa = XCBuildConfiguration;
			buildSettings = {
				ASSETCATALOG_COMPILER_APPICON_NAME = AppIcon;
				CODE_SIGN_STYLE = Automatic;
				DEVELOPMENT_TEAM = T2FENB68MY;
				INFOPLIST_FILE = Template/Info.plist;
				LD_RUNPATH_SEARCH_PATHS = (
					"$(inherited)",
					"@executable_path/Frameworks",
				);
				PRODUCT_BUNDLE_IDENTIFIER = MyTemplate.Template;
				PRODUCT_NAME = "$(TARGET_NAME)";
				SWIFT_VERSION = 5.0;
				TARGETED_DEVICE_FAMILY = 1;
			};
			name = Release;
		};
/* End XCBuildConfiguration section */

/* Begin XCConfigurationList section */
		04DE04372340C34200708D66 /* Build configuration list for PBXProject "Template" */ = {
			isa = XCConfigurationList;
			buildConfigurations = (
				04DE044E2340C34400708D66 /* Debug */,
				04DE044F2340C34400708D66 /* Release */,
			);
			defaultConfigurationIsVisible = 0;
			defaultConfigurationName = Release;
		};
		04DE04502340C34400708D66 /* Build configuration list for PBXNativeTarget "Template" */ = {
			isa = XCConfigurationList;
			buildConfigurations = (
				04DE04512340C34400708D66 /* Debug */,
				04DE04522340C34400708D66 /* Release */,
			);
			defaultConfigurationIsVisible = 0;
			defaultConfigurationName = Release;
		};
/* End XCConfigurationList section */
	};
	rootObject = 04DE04342340C34200708D66 /* Project object */;
}
